// !$*UTF8*$!
{
	archiveVersion = 1;
	classes = {
	};
	objectVersion = 46;
	objects = {

/* Begin PBXBuildFile section */
		8A82A1A813C6E6CA001B1FFF /* UIKit.framework in Frameworks */ = {isa = PBXBuildFile; fileRef = 8A82A1A713C6E6CA001B1FFF /* UIKit.framework */; };
		8A82A1AA13C6E6CA001B1FFF /* Foundation.framework in Frameworks */ = {isa = PBXBuildFile; fileRef = 8A82A1A913C6E6CA001B1FFF /* Foundation.framework */; };
		8A82A1AC13C6E6CA001B1FFF /* CoreGraphics.framework in Frameworks */ = {isa = PBXBuildFile; fileRef = 8A82A1AB13C6E6CA001B1FFF /* CoreGraphics.framework */; };
		8A82A1B213C6E6CA001B1FFF /* InfoPlist.strings in Resources */ = {isa = PBXBuildFile; fileRef = 8A82A1B013C6E6CA001B1FFF /* InfoPlist.strings */; };
		8A82A1B513C6E6CA001B1FFF /* main.m in Sources */ = {isa = PBXBuildFile; fileRef = 8A82A1B413C6E6CA001B1FFF /* main.m */; };
		8A82A1B813C6E6CA001B1FFF /* HomepwnerAppDelegate.m in Sources */ = {isa = PBXBuildFile; fileRef = 8A82A1B713C6E6CA001B1FFF /* HomepwnerAppDelegate.m */; };
		8A82A1BB13C6E6CA001B1FFF /* MainWindow.xib in Resources */ = {isa = PBXBuildFile; fileRef = 8A82A1B913C6E6CA001B1FFF /* MainWindow.xib */; };
/* End PBXBuildFile section */

/* Begin PBXFileReference section */
		8A82A1A313C6E6CA001B1FFF /* Homepwner.app */ = {isa = PBXFileReference; explicitFileType = wrapper.application; includeInIndex = 0; path = Homepwner.app; sourceTree = BUILT_PRODUCTS_DIR; };
		8A82A1A713C6E6CA001B1FFF /* UIKit.framework */ = {isa = PBXFileReference; lastKnownFileType = wrapper.framework; name = UIKit.framework; path = System/Library/Frameworks/UIKit.framework; sourceTree = SDKROOT; };
		8A82A1A913C6E6CA001B1FFF /* Foundation.framework */ = {isa = PBXFileReference; lastKnownFileType = wrapper.framework; name = Foundation.framework; path = System/Library/Frameworks/Foundation.framework; sourceTree = SDKROOT; };
		8A82A1AB13C6E6CA001B1FFF /* CoreGraphics.framework */ = {isa = PBXFileReference; lastKnownFileType = wrapper.framework; name = CoreGraphics.framework; path = System/Library/Frameworks/CoreGraphics.framework; sourceTree = SDKROOT; };
		8A82A1AF13C6E6CA001B1FFF /* Homepwner-Info.plist */ = {isa = PBXFileReference; path = "Homepwner-Info.plist"; sourceTree = "<group>"; };
		8A82A1B113C6E6CA001B1FFF /* en */ = {isa = PBXFileReference; lastKnownFileType = text.plist.strings; name = en; path = en.lproj/InfoPlist.strings; sourceTree = "<group>"; };
		8A82A1B313C6E6CA001B1FFF /* Homepwner-Prefix.pch */ = {isa = PBXFileReference; path = "Homepwner-Prefix.pch"; sourceTree = "<group>"; };
		8A82A1B413C6E6CA001B1FFF /* main.m */ = {isa = PBXFileReference; lastKnownFileType = sourcecode.c.objc; path = main.m; sourceTree = "<group>"; };
		8A82A1B613C6E6CA001B1FFF /* HomepwnerAppDelegate.h */ = {isa = PBXFileReference; path = HomepwnerAppDelegate.h; sourceTree = "<group>"; };
		8A82A1B713C6E6CA001B1FFF /* HomepwnerAppDelegate.m */ = {isa = PBXFileReference; lastKnownFileType = sourcecode.c.objc; path = HomepwnerAppDelegate.m; sourceTree = "<group>"; };
		8A82A1BA13C6E6CA001B1FFF /* en */ = {isa = PBXFileReference; lastKnownFileType = file.xib; name = en; path = en.lproj/MainWindow.xib; sourceTree = "<group>"; };
/* End PBXFileReference section */

/* Begin PBXFrameworksBuildPhase section */
		8A82A1A013C6E6CA001B1FFF /* Frameworks */ = {
			isa = PBXFrameworksBuildPhase;
			buildActionMask = 2147483647;
			files = (
				8A82A1A813C6E6CA001B1FFF /* UIKit.framework in Frameworks */,
				8A82A1AA13C6E6CA001B1FFF /* Foundation.framework in Frameworks */,
				8A82A1AC13C6E6CA001B1FFF /* CoreGraphics.framework in Frameworks */,
			);
			runOnlyForDeploymentPostprocessing = 0;
		};
/* End PBXFrameworksBuildPhase section */

/* Begin PBXGroup section */
		8A82A19813C6E6CA001B1FFF = {
			isa = PBXGroup;
			children = (
				8A82A1AD13C6E6CA001B1FFF /* Homepwner */,
				8A82A1A613C6E6CA001B1FFF /* Frameworks */,
				8A82A1A413C6E6CA001B1FFF /* Products */,
			);
			sourceTree = "<group>";
		};
		8A82A1A413C6E6CA001B1FFF /* Products */ = {
			isa = PBXGroup;
			children = (
				8A82A1A313C6E6CA001B1FFF /* Homepwner.app */,
			);
			name = Products;
			sourceTree = "<group>";
		};
		8A82A1A613C6E6CA001B1FFF /* Frameworks */ = {
			isa = PBXGroup;
			children = (
				8A82A1A713C6E6CA001B1FFF /* UIKit.framework */,
				8A82A1A913C6E6CA001B1FFF /* Foundation.framework */,
				8A82A1AB13C6E6CA001B1FFF /* CoreGraphics.framework */,
			);
			name = Frameworks;
			sourceTree = "<group>";
		};
		8A82A1AD13C6E6CA001B1FFF /* Homepwner */ = {
			isa = PBXGroup;
			children = (
				8A82A1B613C6E6CA001B1FFF /* HomepwnerAppDelegate.h */,
				8A82A1B713C6E6CA001B1FFF /* HomepwnerAppDelegate.m */,
				8A82A1B913C6E6CA001B1FFF /* MainWindow.xib */,
				8A82A1AE13C6E6CA001B1FFF /* Supporting Files */,
			);
			path = Homepwner;
			sourceTree = "<group>";
		};
		8A82A1AE13C6E6CA001B1FFF /* Supporting Files */ = {
			isa = PBXGroup;
			children = (
				8A82A1AF13C6E6CA001B1FFF /* Homepwner-Info.plist */,
				8A82A1B013C6E6CA001B1FFF /* InfoPlist.strings */,
				8A82A1B313C6E6CA001B1FFF /* Homepwner-Prefix.pch */,
				8A82A1B413C6E6CA001B1FFF /* main.m */,
			);
			name = "Supporting Files";
			sourceTree = "<group>";
		};
/* End PBXGroup section */

/* Begin PBXNativeTarget section */
		8A82A1A213C6E6CA001B1FFF /* Homepwner */ = {
			isa = PBXNativeTarget;
			buildConfigurationList = 8A82A1BE13C6E6CA001B1FFF /* Build configuration list for PBXNativeTarget "Homepwner" */;
			buildPhases = (
				8A82A19F13C6E6CA001B1FFF /* Sources */,
				8A82A1A013C6E6CA001B1FFF /* Frameworks */,
				8A82A1A113C6E6CA001B1FFF /* Resources */,
			);
			buildRules = (
			);
			dependencies = (
			);
			name = Homepwner;
			productName = Homepwner;
			productReference = 8A82A1A313C6E6CA001B1FFF /* Homepwner.app */;
			productType = "com.apple.product-type.application";
		};
/* End PBXNativeTarget section */

/* Begin PBXProject section */
		8A82A19A13C6E6CA001B1FFF /* Project object */ = {
			isa = PBXProject;
			attributes = {
				ORGANIZATIONNAME = giria.com;
			};
			buildConfigurationList = 8A82A19D13C6E6CA001B1FFF /* Build configuration list for PBXProject "Homepwner" */;
			compatibilityVersion = "Xcode 3.2";
			developmentRegion = English;
			hasScannedForEncodings = 0;
			knownRegions = (
				en,
			);
			mainGroup = 8A82A19813C6E6CA001B1FFF;
			productRefGroup = 8A82A1A413C6E6CA001B1FFF /* Products */;
			projectDirPath = "";
			projectRoot = "";
			targets = (
				8A82A1A213C6E6CA001B1FFF /* Homepwner */,
			);
		};
/* End PBXProject section */

/* Begin PBXResourcesBuildPhase section */
		8A82A1A113C6E6CA001B1FFF /* Resources */ = {
			isa = PBXResourcesBuildPhase;
			buildActionMask = 2147483647;
			files = (
				8A82A1B213C6E6CA001B1FFF /* InfoPlist.strings in Resources */,
				8A82A1BB13C6E6CA001B1FFF /* MainWindow.xib in Resources */,
			);
			runOnlyForDeploymentPostprocessing = 0;
		};
/* End PBXResourcesBuildPhase section */

/* Begin PBXSourcesBuildPhase section */
		8A82A19F13C6E6CA001B1FFF /* Sources */ = {
			isa = PBXSourcesBuildPhase;
			buildActionMask = 2147483647;
			files = (
				8A82A1B513C6E6CA001B1FFF /* main.m in Sources */,
				8A82A1B813C6E6CA001B1FFF /* HomepwnerAppDelegate.m in Sources */,
			);
			runOnlyForDeploymentPostprocessing = 0;
		};
/* End PBXSourcesBuildPhase section */

/* Begin PBXVariantGroup section */
		8A82A1B013C6E6CA001B1FFF /* InfoPlist.strings */ = {
			isa = PBXVariantGroup;
			children = (
				8A82A1B113C6E6CA001B1FFF /* en */,
			);
			name = InfoPlist.strings;
			sourceTree = "<group>";
		};
		8A82A1B913C6E6CA001B1FFF /* MainWindow.xib */ = {
			isa = PBXVariantGroup;
			children = (
				8A82A1BA13C6E6CA001B1FFF /* en */,
			);
			name = MainWindow.xib;
			sourceTree = "<group>";
		};
/* End PBXVariantGroup section */

/* Begin XCBuildConfiguration section */
		8A82A1BC13C6E6CA001B1FFF /* Debug */ = {
			isa = XCBuildConfiguration;
			buildSettings = {
				ARCHS = "$(ARCHS_STANDARD_32_BIT)";
				"CODE_SIGN_IDENTITY[sdk=iphoneos*]" = "iPhone Developer";
				GCC_C_LANGUAGE_STANDARD = gnu99;
				GCC_OPTIMIZATION_LEVEL = 0;
				GCC_PREPROCESSOR_DEFINITIONS = DEBUG;
				GCC_SYMBOLS_PRIVATE_EXTERN = NO;
				GCC_VERSION = com.apple.compilers.llvmgcc42;
				GCC_WARN_ABOUT_RETURN_TYPE = YES;
				GCC_WARN_UNUSED_VARIABLE = YES;
				IPHONEOS_DEPLOYMENT_TARGET = 4.3;
				SDKROOT = iphoneos;
			};
			name = Debug;
		};
		8A82A1BD13C6E6CA001B1FFF /* Release */ = {
			isa = XCBuildConfiguration;
			buildSettings = {
				ARCHS = "$(ARCHS_STANDARD_32_BIT)";
				"CODE_SIGN_IDENTITY[sdk=iphoneos*]" = "iPhone Developer";
				GCC_C_LANGUAGE_STANDARD = gnu99;
				GCC_VERSION = com.apple.compilers.llvmgcc42;
				GCC_WARN_ABOUT_RETURN_TYPE = YES;
				GCC_WARN_UNUSED_VARIABLE = YES;
				IPHONEOS_DEPLOYMENT_TARGET = 4.3;
				OTHER_CFLAGS = "-DNS_BLOCK_ASSERTIONS=1";
				SDKROOT = iphoneos;
			};
			name = Release;
		};
		8A82A1BF13C6E6CA001B1FFF /* Debug */ = {
			isa = XCBuildConfiguration;
			buildSettings = {
				ALWAYS_SEARCH_USER_PATHS = NO;
				COPY_PHASE_STRIP = NO;
				GCC_DYNAMIC_NO_PIC = NO;
				GCC_PRECOMPILE_PREFIX_HEADER = YES;
				GCC_PREFIX_HEADER = "Homepwner/Homepwner-Prefix.pch";
				INFOPLIST_FILE = "Homepwner/Homepwner-Info.plist";
				PRODUCT_NAME = "$(TARGET_NAME)";
				WRAPPER_EXTENSION = app;
			};
			name = Debug;
		};
		8A82A1C013C6E6CA001B1FFF /* Release */ = {
			isa = XCBuildConfiguration;
			buildSettings = {
				ALWAYS_SEARCH_USER_PATHS = NO;
				COPY_PHASE_STRIP = YES;
				GCC_PRECOMPILE_PREFIX_HEADER = YES;
				GCC_PREFIX_HEADER = "Homepwner/Homepwner-Prefix.pch";
				INFOPLIST_FILE = "Homepwner/Homepwner-Info.plist";
				PRODUCT_NAME = "$(TARGET_NAME)";
				VALIDATE_PRODUCT = YES;
				WRAPPER_EXTENSION = app;
			};
			name = Release;
		};
/* End XCBuildConfiguration section */

/* Begin XCConfigurationList section */
		8A82A19D13C6E6CA001B1FFF /* Build configuration list for PBXProject "Homepwner" */ = {
			isa = XCConfigurationList;
			buildConfigurations = (
				8A82A1BC13C6E6CA001B1FFF /* Debug */,
				8A82A1BD13C6E6CA001B1FFF /* Release */,
			);
			defaultConfigurationIsVisible = 0;
			defaultConfigurationName = Release;
		};
		8A82A1BE13C6E6CA001B1FFF /* Build configuration list for PBXNativeTarget "Homepwner" */ = {
			isa = XCConfigurationList;
			buildConfigurations = (
				8A82A1BF13C6E6CA001B1FFF /* Debug */,
				8A82A1C013C6E6CA001B1FFF /* Release */,
			);
			defaultConfigurationIsVisible = 0;
		};
/* End XCConfigurationList section */
	};
	rootObject = 8A82A19A13C6E6CA001B1FFF /* Project object */;
}
